{
  "name": "Code",
  "lockfileVersion": 3,
  "requires": true,
  "packages": {
    "": {
      "dependencies": {
        "composio": "^1.0.0"
      }
    },
    "node_modules/composio": {
      "version": "1.0.0",
      "resolved": "https://registry.npmjs.org/composio/-/composio-1.0.0.tgz",
      "integrity": "sha512-0bqOGvRywQ9XK8LUNAwXyAW5lfcXVq9m53Rp+QZzVxPXnG4RcjmijwP8Gy1GzCD1OCc6jGr+0npdCRNVxXJh2g==",
      "license": "MIT"
    }
  }
}
